
Microsoft Visual Studio Solution File, Format Version 12.00
# Visual Studio Version 16
VisualStudioVersion = 16.0.30517.126
MinimumVisualStudioVersion = 10.0.40219.1
Project("{FAE04EC0-301F-11D3-BF4B-00C04F79EFBC}") = "Eserizio_Caffè_SwitchCase", "Eserizio_Caffè_SwitchCase\Eserizio_Caffè_SwitchCase.csproj", "{59493AE7-76EB-4C20-9665-27A49905E5A9}"
EndProject
Global
	GlobalSection(SolutionConfigurationPlatforms) = preSolution
		Debug|Any CPU = Debug|Any CPU
		Release|Any CPU = Release|Any CPU
	EndGlobalSection
	GlobalSection(ProjectConfigurationPlatforms) = postSolution
		{59493AE7-76EB-4C20-9665-27A49905E5A9}.Debug|Any CPU.ActiveCfg = Debug|Any CPU
		{59493AE7-76EB-4C20-9665-27A49905E5A9}.Debug|Any CPU.Build.0 = Debug|Any CPU
		{59493AE7-76EB-4C20-9665-27A49905E5A9}.Release|Any CPU.ActiveCfg = Release|Any CPU
		{59493AE7-76EB-4C20-9665-27A49905E5A9}.Release|Any CPU.Build.0 = Release|Any CPU
	EndGlobalSection
	GlobalSection(SolutionProperties) = preSolution
		HideSolutionNode = FALSE
	EndGlobalSection
	GlobalSection(ExtensibilityGlobals) = postSolution
		SolutionGuid = {96FB6578-F0E1-404E-8DD4-CEEF2B6EE8C6}
	EndGlobalSection
EndGlobal
